// !$*UTF8*$!
{
	archiveVersion = 1;
	classes = {
	};
	objectVersion = 46;
	objects = {

/* Begin PBXBuildFile section */
		5D020CCC1CED2444000F4046 /* DefaultTheme.bundle in Resources */ = {isa = PBXBuildFile; fileRef = 5D020C4D1CED2444000F4046 /* DefaultTheme.bundle */; };
		5D020CCD1CED2444000F4046 /* libNotificarePushLib.a in Frameworks */ = {isa = PBXBuildFile; fileRef = 5D020C4E1CED2444000F4046 /* libNotificarePushLib.a */; };
		5D020CCE1CED2444000F4046 /* Notificare.plist in Resources */ = {isa = PBXBuildFile; fileRef = 5D020CC71CED2444000F4046 /* Notificare.plist */; };
		5D020CCF1CED2444000F4046 /* NotificareTags.plist in Resources */ = {isa = PBXBuildFile; fileRef = 5D020CC81CED2444000F4046 /* NotificareTags.plist */; };
		5D29731A1CA2FC6200352D98 /* AppDelegate.swift in Sources */ = {isa = PBXBuildFile; fileRef = 5D2973191CA2FC6200352D98 /* AppDelegate.swift */; };
		5D29731C1CA2FC6200352D98 /* ViewController.swift in Sources */ = {isa = PBXBuildFile; fileRef = 5D29731B1CA2FC6200352D98 /* ViewController.swift */; };
		5D29731F1CA2FC6200352D98 /* Main.storyboard in Resources */ = {isa = PBXBuildFile; fileRef = 5D29731D1CA2FC6200352D98 /* Main.storyboard */; };
		5D2973211CA2FC6200352D98 /* Assets.xcassets in Resources */ = {isa = PBXBuildFile; fileRef = 5D2973201CA2FC6200352D98 /* Assets.xcassets */; };
		5D2973241CA2FC6200352D98 /* LaunchScreen.storyboard in Resources */ = {isa = PBXBuildFile; fileRef = 5D2973221CA2FC6200352D98 /* LaunchScreen.storyboard */; };
		5D29732F1CA2FC6200352D98 /* swift_demoTests.swift in Sources */ = {isa = PBXBuildFile; fileRef = 5D29732E1CA2FC6200352D98 /* swift_demoTests.swift */; };
		5D29733A1CA2FC6200352D98 /* swift_demoUITests.swift in Sources */ = {isa = PBXBuildFile; fileRef = 5D2973391CA2FC6200352D98 /* swift_demoUITests.swift */; };
		5D2973CD1CA2FED600352D98 /* CoreLocation.framework in Frameworks */ = {isa = PBXBuildFile; fileRef = 5D2973CC1CA2FED600352D98 /* CoreLocation.framework */; };
		5D2973CF1CA2FEE400352D98 /* MobileCoreServices.framework in Frameworks */ = {isa = PBXBuildFile; fileRef = 5D2973CE1CA2FEE300352D98 /* MobileCoreServices.framework */; };
		5D2973D11CA2FEF000352D98 /* MessageUI.framework in Frameworks */ = {isa = PBXBuildFile; fileRef = 5D2973D01CA2FEF000352D98 /* MessageUI.framework */; };
		5D2973D31CA2FF0900352D98 /* UIKit.framework in Frameworks */ = {isa = PBXBuildFile; fileRef = 5D2973D21CA2FF0900352D98 /* UIKit.framework */; };
		5D2973D51CA2FF1000352D98 /* Foundation.framework in Frameworks */ = {isa = PBXBuildFile; fileRef = 5D2973D41CA2FF1000352D98 /* Foundation.framework */; };
		5D2973D71CA2FF1700352D98 /* CoreGraphics.framework in Frameworks */ = {isa = PBXBuildFile; fileRef = 5D2973D61CA2FF1700352D98 /* CoreGraphics.framework */; };
		5D2973D91CA2FF1E00352D98 /* PassKit.framework in Frameworks */ = {isa = PBXBuildFile; fileRef = 5D2973D81CA2FF1E00352D98 /* PassKit.framework */; };
		5D2973DB1CA2FF2400352D98 /* MapKit.framework in Frameworks */ = {isa = PBXBuildFile; fileRef = 5D2973DA1CA2FF2400352D98 /* MapKit.framework */; };
		5D2973DD1CA2FF2C00352D98 /* SystemConfiguration.framework in Frameworks */ = {isa = PBXBuildFile; fileRef = 5D2973DC1CA2FF2C00352D98 /* SystemConfiguration.framework */; };
		5D2973DF1CA2FF3300352D98 /* Security.framework in Frameworks */ = {isa = PBXBuildFile; fileRef = 5D2973DE1CA2FF3300352D98 /* Security.framework */; };
		5D2973E11CA2FF3A00352D98 /* CFNetwork.framework in Frameworks */ = {isa = PBXBuildFile; fileRef = 5D2973E01CA2FF3A00352D98 /* CFNetwork.framework */; };
		5D2973E31CA2FF4000352D98 /* ImageIO.framework in Frameworks */ = {isa = PBXBuildFile; fileRef = 5D2973E21CA2FF4000352D98 /* ImageIO.framework */; };
		5D2973E51CA2FF4A00352D98 /* StoreKit.framework in Frameworks */ = {isa = PBXBuildFile; fileRef = 5D2973E41CA2FF4A00352D98 /* StoreKit.framework */; };
		5D2973E71CA2FF5100352D98 /* SafariServices.framework in Frameworks */ = {isa = PBXBuildFile; fileRef = 5D2973E61CA2FF5100352D98 /* SafariServices.framework */; };
		5D4151EC1CA422C000167C99 /* libicucore.tbd in Frameworks */ = {isa = PBXBuildFile; fileRef = 5D4151EB1CA422C000167C99 /* libicucore.tbd */; };
/* End PBXBuildFile section */

/* Begin PBXContainerItemProxy section */
		5D29732B1CA2FC6200352D98 /* PBXContainerItemProxy */ = {
			isa = PBXContainerItemProxy;
			containerPortal = 5D29730E1CA2FC6200352D98 /* Project object */;
			proxyType = 1;
			remoteGlobalIDString = 5D2973151CA2FC6200352D98;
			remoteInfo = "swift-demo";
		};
		5D2973361CA2FC6200352D98 /* PBXContainerItemProxy */ = {
			isa = PBXContainerItemProxy;
			containerPortal = 5D29730E1CA2FC6200352D98 /* Project object */;
			proxyType = 1;
			remoteGlobalIDString = 5D2973151CA2FC6200352D98;
			remoteInfo = "swift-demo";
		};
/* End PBXContainerItemProxy section */

/* Begin PBXFileReference section */
		5D020C4D1CED2444000F4046 /* DefaultTheme.bundle */ = {isa = PBXFileReference; lastKnownFileType = "wrapper.plug-in"; path = DefaultTheme.bundle; sourceTree = "<group>"; };
		5D020C4E1CED2444000F4046 /* libNotificarePushLib.a */ = {isa = PBXFileReference; lastKnownFileType = archive.ar; path = libNotificarePushLib.a; sourceTree = "<group>"; };
		5D020C521CED2444000F4046 /* ActionDelegate.h */ = {isa = PBXFileReference; fileEncoding = 4; lastKnownFileType = sourcecode.c.h; path = ActionDelegate.h; sourceTree = "<group>"; };
		5D020C531CED2444000F4046 /* ActionType.h */ = {isa = PBXFileReference; fileEncoding = 4; lastKnownFileType = sourcecode.c.h; path = ActionType.h; sourceTree = "<group>"; };
		5D020C551CED2444000F4046 /* NotificareApp.h */ = {isa = PBXFileReference; fileEncoding = 4; lastKnownFileType = sourcecode.c.h; path = NotificareApp.h; sourceTree = "<group>"; };
		5D020C571CED2444000F4046 /* NotificareBrowser.h */ = {isa = PBXFileReference; fileEncoding = 4; lastKnownFileType = sourcecode.c.h; path = NotificareBrowser.h; sourceTree = "<group>"; };
		5D020C591CED2444000F4046 /* NotificareCallback.h */ = {isa = PBXFileReference; fileEncoding = 4; lastKnownFileType = sourcecode.c.h; path = NotificareCallback.h; sourceTree = "<group>"; };
		5D020C5B1CED2444000F4046 /* NotificareCustom.h */ = {isa = PBXFileReference; fileEncoding = 4; lastKnownFileType = sourcecode.c.h; path = NotificareCustom.h; sourceTree = "<group>"; };
		5D020C5D1CED2444000F4046 /* NotificareMail.h */ = {isa = PBXFileReference; fileEncoding = 4; lastKnownFileType = sourcecode.c.h; path = NotificareMail.h; sourceTree = "<group>"; };
		5D020C5F1CED2444000F4046 /* NotificareSMS.h */ = {isa = PBXFileReference; fileEncoding = 4; lastKnownFileType = sourcecode.c.h; path = NotificareSMS.h; sourceTree = "<group>"; };
		5D020C611CED2444000F4046 /* NotificareTelephone.h */ = {isa = PBXFileReference; fileEncoding = 4; lastKnownFileType = sourcecode.c.h; path = NotificareTelephone.h; sourceTree = "<group>"; };
		5D020C651CED2444000F4046 /* NSData+NotificareMKBase64.h */ = {isa = PBXFileReference; fileEncoding = 4; lastKnownFileType = sourcecode.c.h; path = "NSData+NotificareMKBase64.h"; sourceTree = "<group>"; };
		5D020C661CED2444000F4046 /* NSDate+NotificareRFC1123.h */ = {isa = PBXFileReference; fileEncoding = 4; lastKnownFileType = sourcecode.c.h; path = "NSDate+NotificareRFC1123.h"; sourceTree = "<group>"; };
		5D020C671CED2444000F4046 /* NSDictionary+NotificareRequestEncoding.h */ = {isa = PBXFileReference; fileEncoding = 4; lastKnownFileType = sourcecode.c.h; path = "NSDictionary+NotificareRequestEncoding.h"; sourceTree = "<group>"; };
		5D020C681CED2444000F4046 /* NSString+NotificareMKNetworkKitAdditions.h */ = {isa = PBXFileReference; fileEncoding = 4; lastKnownFileType = sourcecode.c.h; path = "NSString+NotificareMKNetworkKitAdditions.h"; sourceTree = "<group>"; };
		5D020C691CED2444000F4046 /* UIAlertView+NotificareMKNetworkKitAdditions.h */ = {isa = PBXFileReference; fileEncoding = 4; lastKnownFileType = sourcecode.c.h; path = "UIAlertView+NotificareMKNetworkKitAdditions.h"; sourceTree = "<group>"; };
		5D020C6A1CED2444000F4046 /* UIImageView+NotificareMKNetworkKitAdditions.h */ = {isa = PBXFileReference; fileEncoding = 4; lastKnownFileType = sourcecode.c.h; path = "UIImageView+NotificareMKNetworkKitAdditions.h"; sourceTree = "<group>"; };
		5D020C6B1CED2444000F4046 /* NotificareMKNetworkEngine.h */ = {isa = PBXFileReference; fileEncoding = 4; lastKnownFileType = sourcecode.c.h; path = NotificareMKNetworkEngine.h; sourceTree = "<group>"; };
		5D020C6C1CED2444000F4046 /* NotificareMKNetworkKit.h */ = {isa = PBXFileReference; fileEncoding = 4; lastKnownFileType = sourcecode.c.h; path = NotificareMKNetworkKit.h; sourceTree = "<group>"; };
		5D020C6D1CED2444000F4046 /* NotificareMKNetworkOperation.h */ = {isa = PBXFileReference; fileEncoding = 4; lastKnownFileType = sourcecode.c.h; path = NotificareMKNetworkOperation.h; sourceTree = "<group>"; };
		5D020C6F1CED2444000F4046 /* NotificareReachability.h */ = {isa = PBXFileReference; fileEncoding = 4; lastKnownFileType = sourcecode.c.h; path = NotificareReachability.h; sourceTree = "<group>"; };
		5D020C711CED2444000F4046 /* NotificareNXOAuth2.h */ = {isa = PBXFileReference; fileEncoding = 4; lastKnownFileType = sourcecode.c.h; path = NotificareNXOAuth2.h; sourceTree = "<group>"; };
		5D020C721CED2444000F4046 /* NotificareNXOAuth2AccessToken.h */ = {isa = PBXFileReference; fileEncoding = 4; lastKnownFileType = sourcecode.c.h; path = NotificareNXOAuth2AccessToken.h; sourceTree = "<group>"; };
		5D020C731CED2444000F4046 /* NotificareNXOAuth2Account+Private.h */ = {isa = PBXFileReference; fileEncoding = 4; lastKnownFileType = sourcecode.c.h; path = "NotificareNXOAuth2Account+Private.h"; sourceTree = "<group>"; };
		5D020C741CED2444000F4046 /* NotificareNXOAuth2Account.h */ = {isa = PBXFileReference; fileEncoding = 4; lastKnownFileType = sourcecode.c.h; path = NotificareNXOAuth2Account.h; sourceTree = "<group>"; };
		5D020C751CED2444000F4046 /* NotificareNXOAuth2AccountStore.h */ = {isa = PBXFileReference; fileEncoding = 4; lastKnownFileType = sourcecode.c.h; path = NotificareNXOAuth2AccountStore.h; sourceTree = "<group>"; };
		5D020C761CED2444000F4046 /* NotificareNXOAuth2Client.h */ = {isa = PBXFileReference; fileEncoding = 4; lastKnownFileType = sourcecode.c.h; path = NotificareNXOAuth2Client.h; sourceTree = "<group>"; };
		5D020C771CED2444000F4046 /* NotificareNXOAuth2ClientDelegate.h */ = {isa = PBXFileReference; fileEncoding = 4; lastKnownFileType = sourcecode.c.h; path = NotificareNXOAuth2ClientDelegate.h; sourceTree = "<group>"; };
		5D020C781CED2444000F4046 /* NotificareNXOAuth2Connection.h */ = {isa = PBXFileReference; fileEncoding = 4; lastKnownFileType = sourcecode.c.h; path = NotificareNXOAuth2Connection.h; sourceTree = "<group>"; };
		5D020C791CED2444000F4046 /* NotificareNXOAuth2ConnectionDelegate.h */ = {isa = PBXFileReference; fileEncoding = 4; lastKnownFileType = sourcecode.c.h; path = NotificareNXOAuth2ConnectionDelegate.h; sourceTree = "<group>"; };
		5D020C7A1CED2444000F4046 /* NotificareNXOAuth2Constants.h */ = {isa = PBXFileReference; fileEncoding = 4; lastKnownFileType = sourcecode.c.h; path = NotificareNXOAuth2Constants.h; sourceTree = "<group>"; };
		5D020C7B1CED2444000F4046 /* NotificareNXOAuth2FileStreamWrapper.h */ = {isa = PBXFileReference; fileEncoding = 4; lastKnownFileType = sourcecode.c.h; path = NotificareNXOAuth2FileStreamWrapper.h; sourceTree = "<group>"; };
		5D020C7C1CED2444000F4046 /* NotificareNXOAuth2PostBodyPart.h */ = {isa = PBXFileReference; fileEncoding = 4; lastKnownFileType = sourcecode.c.h; path = NotificareNXOAuth2PostBodyPart.h; sourceTree = "<group>"; };
		5D020C7D1CED2444000F4046 /* NotificareNXOAuth2PostBodyStream.h */ = {isa = PBXFileReference; fileEncoding = 4; lastKnownFileType = sourcecode.c.h; path = NotificareNXOAuth2PostBodyStream.h; sourceTree = "<group>"; };
		5D020C7E1CED2444000F4046 /* NotificareNXOAuth2Request.h */ = {isa = PBXFileReference; fileEncoding = 4; lastKnownFileType = sourcecode.c.h; path = NotificareNXOAuth2Request.h; sourceTree = "<group>"; };
		5D020C7F1CED2444000F4046 /* NotificareNXOAuth2TrustDelegate.h */ = {isa = PBXFileReference; fileEncoding = 4; lastKnownFileType = sourcecode.c.h; path = NotificareNXOAuth2TrustDelegate.h; sourceTree = "<group>"; };
		5D020C801CED2444000F4046 /* NSData+NotificareNXOAuth2.h */ = {isa = PBXFileReference; fileEncoding = 4; lastKnownFileType = sourcecode.c.h; path = "NSData+NotificareNXOAuth2.h"; sourceTree = "<group>"; };
		5D020C811CED2444000F4046 /* NSString+NotificareNXOAuth2.h */ = {isa = PBXFileReference; fileEncoding = 4; lastKnownFileType = sourcecode.c.h; path = "NSString+NotificareNXOAuth2.h"; sourceTree = "<group>"; };
		5D020C821CED2444000F4046 /* NSURL+NotificareNXOAuth2.h */ = {isa = PBXFileReference; fileEncoding = 4; lastKnownFileType = sourcecode.c.h; path = "NSURL+NotificareNXOAuth2.h"; sourceTree = "<group>"; };
		5D020C841CED2444000F4046 /* base64.h */ = {isa = PBXFileReference; fileEncoding = 4; lastKnownFileType = sourcecode.c.h; path = base64.h; sourceTree = "<group>"; };
		5D020C851CED2444000F4046 /* NotificareSocketRocket-Prefix.pch */ = {isa = PBXFileReference; fileEncoding = 4; lastKnownFileType = sourcecode.c.h; path = "NotificareSocketRocket-Prefix.pch"; sourceTree = "<group>"; };
		5D020C861CED2444000F4046 /* NotificareSRWebSocket.h */ = {isa = PBXFileReference; fileEncoding = 4; lastKnownFileType = sourcecode.c.h; path = NotificareSRWebSocket.h; sourceTree = "<group>"; };
		5D020C871CED2444000F4046 /* NSData+NotificareSRB64Additions.h */ = {isa = PBXFileReference; fileEncoding = 4; lastKnownFileType = sourcecode.c.h; path = "NSData+NotificareSRB64Additions.h"; sourceTree = "<group>"; };
		5D020C891CED2444000F4046 /* NotificareAction.h */ = {isa = PBXFileReference; fileEncoding = 4; lastKnownFileType = sourcecode.c.h; path = NotificareAction.h; sourceTree = "<group>"; };
		5D020C8A1CED2444000F4046 /* NotificareAsset.h */ = {isa = PBXFileReference; fileEncoding = 4; lastKnownFileType = sourcecode.c.h; path = NotificareAsset.h; sourceTree = "<group>"; };
		5D020C8B1CED2444000F4046 /* NotificareAttachment.h */ = {isa = PBXFileReference; fileEncoding = 4; lastKnownFileType = sourcecode.c.h; path = NotificareAttachment.h; sourceTree = "<group>"; };
		5D020C8C1CED2444000F4046 /* NotificareBeacon.h */ = {isa = PBXFileReference; fileEncoding = 4; lastKnownFileType = sourcecode.c.h; path = NotificareBeacon.h; sourceTree = "<group>"; };
		5D020C8D1CED2444000F4046 /* NotificareContent.h */ = {isa = PBXFileReference; fileEncoding = 4; lastKnownFileType = sourcecode.c.h; path = NotificareContent.h; sourceTree = "<group>"; };
		5D020C8E1CED2444000F4046 /* NotificareDevice.h */ = {isa = PBXFileReference; fileEncoding = 4; lastKnownFileType = sourcecode.c.h; path = NotificareDevice.h; sourceTree = "<group>"; };
		5D020C8F1CED2444000F4046 /* NotificareDeviceInbox.h */ = {isa = PBXFileReference; fileEncoding = 4; lastKnownFileType = sourcecode.c.h; path = NotificareDeviceInbox.h; sourceTree = "<group>"; };
		5D020C901CED2444000F4046 /* NotificareNotification.h */ = {isa = PBXFileReference; fileEncoding = 4; lastKnownFileType = sourcecode.c.h; path = NotificareNotification.h; sourceTree = "<group>"; };
		5D020C911CED2444000F4046 /* NotificarePass.h */ = {isa = PBXFileReference; fileEncoding = 4; lastKnownFileType = sourcecode.c.h; path = NotificarePass.h; sourceTree = "<group>"; };
		5D020C921CED2444000F4046 /* NotificareProduct.h */ = {isa = PBXFileReference; fileEncoding = 4; lastKnownFileType = sourcecode.c.h; path = NotificareProduct.h; sourceTree = "<group>"; };
		5D020C931CED2444000F4046 /* NotificareSegment.h */ = {isa = PBXFileReference; fileEncoding = 4; lastKnownFileType = sourcecode.c.h; path = NotificareSegment.h; sourceTree = "<group>"; };
		5D020C941CED2444000F4046 /* NotificareUser.h */ = {isa = PBXFileReference; fileEncoding = 4; lastKnownFileType = sourcecode.c.h; path = NotificareUser.h; sourceTree = "<group>"; };
		5D020C951CED2444000F4046 /* NotificareUserPreference.h */ = {isa = PBXFileReference; fileEncoding = 4; lastKnownFileType = sourcecode.c.h; path = NotificareUserPreference.h; sourceTree = "<group>"; };
		5D020C961CED2444000F4046 /* Notificare.h */ = {isa = PBXFileReference; fileEncoding = 4; lastKnownFileType = sourcecode.c.h; path = Notificare.h; sourceTree = "<group>"; };
		5D020C971CED2444000F4046 /* NotificareActions.h */ = {isa = PBXFileReference; fileEncoding = 4; lastKnownFileType = sourcecode.c.h; path = NotificareActions.h; sourceTree = "<group>"; };
		5D020C981CED2444000F4046 /* NotificareEngine.h */ = {isa = PBXFileReference; fileEncoding = 4; lastKnownFileType = sourcecode.c.h; path = NotificareEngine.h; sourceTree = "<group>"; };
		5D020C991CED2444000F4046 /* NotificarePushLib.h */ = {isa = PBXFileReference; fileEncoding = 4; lastKnownFileType = sourcecode.c.h; path = NotificarePushLib.h; sourceTree = "<group>"; };
		5D020C9B1CED2444000F4046 /* NSData+Hex.h */ = {isa = PBXFileReference; fileEncoding = 4; lastKnownFileType = sourcecode.c.h; path = "NSData+Hex.h"; sourceTree = "<group>"; };
		5D020C9C1CED2444000F4046 /* NSDate+TimeAgo.h */ = {isa = PBXFileReference; fileEncoding = 4; lastKnownFileType = sourcecode.c.h; path = "NSDate+TimeAgo.h"; sourceTree = "<group>"; };
		5D020C9D1CED2444000F4046 /* NSDictionary+FromPlist.h */ = {isa = PBXFileReference; fileEncoding = 4; lastKnownFileType = sourcecode.c.h; path = "NSDictionary+FromPlist.h"; sourceTree = "<group>"; };
		5D020C9E1CED2444000F4046 /* NSString+FromBundle.h */ = {isa = PBXFileReference; fileEncoding = 4; lastKnownFileType = sourcecode.c.h; path = "NSString+FromBundle.h"; sourceTree = "<group>"; };
		5D020C9F1CED2444000F4046 /* NSString+Utils.h */ = {isa = PBXFileReference; fileEncoding = 4; lastKnownFileType = sourcecode.c.h; path = "NSString+Utils.h"; sourceTree = "<group>"; };
		5D020CA01CED2444000F4046 /* SKProduct+priceAsString.h */ = {isa = PBXFileReference; fileEncoding = 4; lastKnownFileType = sourcecode.c.h; path = "SKProduct+priceAsString.h"; sourceTree = "<group>"; };
		5D020CA11CED2444000F4046 /* UIImage+FromBundle.h */ = {isa = PBXFileReference; fileEncoding = 4; lastKnownFileType = sourcecode.c.h; path = "UIImage+FromBundle.h"; sourceTree = "<group>"; };
		5D020CA41CED2444000F4046 /* NotificareAlert.h */ = {isa = PBXFileReference; fileEncoding = 4; lastKnownFileType = sourcecode.c.h; path = NotificareAlert.h; sourceTree = "<group>"; };
		5D020CA61CED2444000F4046 /* NotificareBeacons.h */ = {isa = PBXFileReference; fileEncoding = 4; lastKnownFileType = sourcecode.c.h; path = NotificareBeacons.h; sourceTree = "<group>"; };
		5D020CA81CED2444000F4046 /* NotificareForm.h */ = {isa = PBXFileReference; fileEncoding = 4; lastKnownFileType = sourcecode.c.h; path = NotificareForm.h; sourceTree = "<group>"; };
		5D020CAA1CED2444000F4046 /* NotificareImage.h */ = {isa = PBXFileReference; fileEncoding = 4; lastKnownFileType = sourcecode.c.h; path = NotificareImage.h; sourceTree = "<group>"; };
		5D020CAC1CED2444000F4046 /* NotificareInbox.h */ = {isa = PBXFileReference; fileEncoding = 4; lastKnownFileType = sourcecode.c.h; path = NotificareInbox.h; sourceTree = "<group>"; };
		5D020CAE1CED2444000F4046 /* NotificareLocation.h */ = {isa = PBXFileReference; fileEncoding = 4; lastKnownFileType = sourcecode.c.h; path = NotificareLocation.h; sourceTree = "<group>"; };
		5D020CAF1CED2444000F4046 /* NotificareMap.h */ = {isa = PBXFileReference; fileEncoding = 4; lastKnownFileType = sourcecode.c.h; path = NotificareMap.h; sourceTree = "<group>"; };
		5D020CB11CED2444000F4046 /* NotificareNone.h */ = {isa = PBXFileReference; fileEncoding = 4; lastKnownFileType = sourcecode.c.h; path = NotificareNone.h; sourceTree = "<group>"; };
		5D020CB21CED2444000F4046 /* NotificationDelegate.h */ = {isa = PBXFileReference; fileEncoding = 4; lastKnownFileType = sourcecode.c.h; path = NotificationDelegate.h; sourceTree = "<group>"; };
		5D020CB31CED2444000F4046 /* NotificationType.h */ = {isa = PBXFileReference; fileEncoding = 4; lastKnownFileType = sourcecode.c.h; path = NotificationType.h; sourceTree = "<group>"; };
		5D020CB51CED2444000F4046 /* NotificarePassbook.h */ = {isa = PBXFileReference; fileEncoding = 4; lastKnownFileType = sourcecode.c.h; path = NotificarePassbook.h; sourceTree = "<group>"; };
		5D020CB71CED2444000F4046 /* NotificareRate.h */ = {isa = PBXFileReference; fileEncoding = 4; lastKnownFileType = sourcecode.c.h; path = NotificareRate.h; sourceTree = "<group>"; };
		5D020CB91CED2444000F4046 /* NotificareURL.h */ = {isa = PBXFileReference; fileEncoding = 4; lastKnownFileType = sourcecode.c.h; path = NotificareURL.h; sourceTree = "<group>"; };
		5D020CBB1CED2444000F4046 /* NotificareURLScheme.h */ = {isa = PBXFileReference; fileEncoding = 4; lastKnownFileType = sourcecode.c.h; path = NotificareURLScheme.h; sourceTree = "<group>"; };
		5D020CBD1CED2444000F4046 /* NotificareBeaconsViewController.h */ = {isa = PBXFileReference; fileEncoding = 4; lastKnownFileType = sourcecode.c.h; path = NotificareBeaconsViewController.h; sourceTree = "<group>"; };
		5D020CBE1CED2444000F4046 /* NotificareDeviceViewController.h */ = {isa = PBXFileReference; fileEncoding = 4; lastKnownFileType = sourcecode.c.h; path = NotificareDeviceViewController.h; sourceTree = "<group>"; };
		5D020CBF1CED2444000F4046 /* NotificareInboxViewController.h */ = {isa = PBXFileReference; fileEncoding = 4; lastKnownFileType = sourcecode.c.h; path = NotificareInboxViewController.h; sourceTree = "<group>"; };
		5D020CC01CED2444000F4046 /* NotificarePassbookViewController.h */ = {isa = PBXFileReference; fileEncoding = 4; lastKnownFileType = sourcecode.c.h; path = NotificarePassbookViewController.h; sourceTree = "<group>"; };
		5D020CC11CED2444000F4046 /* NotificareUserPreferences.h */ = {isa = PBXFileReference; fileEncoding = 4; lastKnownFileType = sourcecode.c.h; path = NotificareUserPreferences.h; sourceTree = "<group>"; };
		5D020CC21CED2444000F4046 /* NotificareUserViewController.h */ = {isa = PBXFileReference; fileEncoding = 4; lastKnownFileType = sourcecode.c.h; path = NotificareUserViewController.h; sourceTree = "<group>"; };
		5D020CC41CED2444000F4046 /* NotificareVideo.h */ = {isa = PBXFileReference; fileEncoding = 4; lastKnownFileType = sourcecode.c.h; path = NotificareVideo.h; sourceTree = "<group>"; };
		5D020CC61CED2444000F4046 /* NotificareWebView.h */ = {isa = PBXFileReference; fileEncoding = 4; lastKnownFileType = sourcecode.c.h; path = NotificareWebView.h; sourceTree = "<group>"; };
		5D020CC71CED2444000F4046 /* Notificare.plist */ = {isa = PBXFileReference; fileEncoding = 4; lastKnownFileType = text.plist.xml; path = Notificare.plist; sourceTree = "<group>"; };
		5D020CC81CED2444000F4046 /* NotificareTags.plist */ = {isa = PBXFileReference; fileEncoding = 4; lastKnownFileType = text.plist.xml; path = NotificareTags.plist; sourceTree = "<group>"; };
		5D2973161CA2FC6200352D98 /* swift-demo.app */ = {isa = PBXFileReference; explicitFileType = wrapper.application; includeInIndex = 0; path = "swift-demo.app"; sourceTree = BUILT_PRODUCTS_DIR; };
		5D2973191CA2FC6200352D98 /* AppDelegate.swift */ = {isa = PBXFileReference; lastKnownFileType = sourcecode.swift; path = AppDelegate.swift; sourceTree = "<group>"; };
		5D29731B1CA2FC6200352D98 /* ViewController.swift */ = {isa = PBXFileReference; lastKnownFileType = sourcecode.swift; path = ViewController.swift; sourceTree = "<group>"; };
		5D29731E1CA2FC6200352D98 /* Base */ = {isa = PBXFileReference; lastKnownFileType = file.storyboard; name = Base; path = Base.lproj/Main.storyboard; sourceTree = "<group>"; };
		5D2973201CA2FC6200352D98 /* Assets.xcassets */ = {isa = PBXFileReference; lastKnownFileType = folder.assetcatalog; path = Assets.xcassets; sourceTree = "<group>"; };
		5D2973231CA2FC6200352D98 /* Base */ = {isa = PBXFileReference; lastKnownFileType = file.storyboard; name = Base; path = Base.lproj/LaunchScreen.storyboard; sourceTree = "<group>"; };
		5D2973251CA2FC6200352D98 /* Info.plist */ = {isa = PBXFileReference; lastKnownFileType = text.plist.xml; path = Info.plist; sourceTree = "<group>"; };
		5D29732A1CA2FC6200352D98 /* swift-demoTests.xctest */ = {isa = PBXFileReference; explicitFileType = wrapper.cfbundle; includeInIndex = 0; path = "swift-demoTests.xctest"; sourceTree = BUILT_PRODUCTS_DIR; };
		5D29732E1CA2FC6200352D98 /* swift_demoTests.swift */ = {isa = PBXFileReference; lastKnownFileType = sourcecode.swift; path = swift_demoTests.swift; sourceTree = "<group>"; };
		5D2973301CA2FC6200352D98 /* Info.plist */ = {isa = PBXFileReference; lastKnownFileType = text.plist.xml; path = Info.plist; sourceTree = "<group>"; };
		5D2973351CA2FC6200352D98 /* swift-demoUITests.xctest */ = {isa = PBXFileReference; explicitFileType = wrapper.cfbundle; includeInIndex = 0; path = "swift-demoUITests.xctest"; sourceTree = BUILT_PRODUCTS_DIR; };
		5D2973391CA2FC6200352D98 /* swift_demoUITests.swift */ = {isa = PBXFileReference; lastKnownFileType = sourcecode.swift; path = swift_demoUITests.swift; sourceTree = "<group>"; };
		5D29733B1CA2FC6200352D98 /* Info.plist */ = {isa = PBXFileReference; lastKnownFileType = text.plist.xml; path = Info.plist; sourceTree = "<group>"; };
		5D2973C81CA2FD4800352D98 /* swift-demo-Bridging-Header.h */ = {isa = PBXFileReference; lastKnownFileType = sourcecode.c.h; path = "swift-demo-Bridging-Header.h"; sourceTree = "<group>"; };
		5D2973CC1CA2FED600352D98 /* CoreLocation.framework */ = {isa = PBXFileReference; lastKnownFileType = wrapper.framework; name = CoreLocation.framework; path = System/Library/Frameworks/CoreLocation.framework; sourceTree = SDKROOT; };
		5D2973CE1CA2FEE300352D98 /* MobileCoreServices.framework */ = {isa = PBXFileReference; lastKnownFileType = wrapper.framework; name = MobileCoreServices.framework; path = System/Library/Frameworks/MobileCoreServices.framework; sourceTree = SDKROOT; };
		5D2973D01CA2FEF000352D98 /* MessageUI.framework */ = {isa = PBXFileReference; lastKnownFileType = wrapper.framework; name = MessageUI.framework; path = System/Library/Frameworks/MessageUI.framework; sourceTree = SDKROOT; };
		5D2973D21CA2FF0900352D98 /* UIKit.framework */ = {isa = PBXFileReference; lastKnownFileType = wrapper.framework; name = UIKit.framework; path = System/Library/Frameworks/UIKit.framework; sourceTree = SDKROOT; };
		5D2973D41CA2FF1000352D98 /* Foundation.framework */ = {isa = PBXFileReference; lastKnownFileType = wrapper.framework; name = Foundation.framework; path = System/Library/Frameworks/Foundation.framework; sourceTree = SDKROOT; };
		5D2973D61CA2FF1700352D98 /* CoreGraphics.framework */ = {isa = PBXFileReference; lastKnownFileType = wrapper.framework; name = CoreGraphics.framework; path = System/Library/Frameworks/CoreGraphics.framework; sourceTree = SDKROOT; };
		5D2973D81CA2FF1E00352D98 /* PassKit.framework */ = {isa = PBXFileReference; lastKnownFileType = wrapper.framework; name = PassKit.framework; path = System/Library/Frameworks/PassKit.framework; sourceTree = SDKROOT; };
		5D2973DA1CA2FF2400352D98 /* MapKit.framework */ = {isa = PBXFileReference; lastKnownFileType = wrapper.framework; name = MapKit.framework; path = System/Library/Frameworks/MapKit.framework; sourceTree = SDKROOT; };
		5D2973DC1CA2FF2C00352D98 /* SystemConfiguration.framework */ = {isa = PBXFileReference; lastKnownFileType = wrapper.framework; name = SystemConfiguration.framework; path = System/Library/Frameworks/SystemConfiguration.framework; sourceTree = SDKROOT; };
		5D2973DE1CA2FF3300352D98 /* Security.framework */ = {isa = PBXFileReference; lastKnownFileType = wrapper.framework; name = Security.framework; path = System/Library/Frameworks/Security.framework; sourceTree = SDKROOT; };
		5D2973E01CA2FF3A00352D98 /* CFNetwork.framework */ = {isa = PBXFileReference; lastKnownFileType = wrapper.framework; name = CFNetwork.framework; path = System/Library/Frameworks/CFNetwork.framework; sourceTree = SDKROOT; };
		5D2973E21CA2FF4000352D98 /* ImageIO.framework */ = {isa = PBXFileReference; lastKnownFileType = wrapper.framework; name = ImageIO.framework; path = System/Library/Frameworks/ImageIO.framework; sourceTree = SDKROOT; };
		5D2973E41CA2FF4A00352D98 /* StoreKit.framework */ = {isa = PBXFileReference; lastKnownFileType = wrapper.framework; name = StoreKit.framework; path = System/Library/Frameworks/StoreKit.framework; sourceTree = SDKROOT; };
		5D2973E61CA2FF5100352D98 /* SafariServices.framework */ = {isa = PBXFileReference; lastKnownFileType = wrapper.framework; name = SafariServices.framework; path = System/Library/Frameworks/SafariServices.framework; sourceTree = SDKROOT; };
		5D2973E81CA2FF8400352D98 /* swift-demo.entitlements */ = {isa = PBXFileReference; lastKnownFileType = text.xml; path = "swift-demo.entitlements"; sourceTree = "<group>"; };
		5D4151EB1CA422C000167C99 /* libicucore.tbd */ = {isa = PBXFileReference; lastKnownFileType = "sourcecode.text-based-dylib-definition"; name = libicucore.tbd; path = usr/lib/libicucore.tbd; sourceTree = SDKROOT; };
/* End PBXFileReference section */

/* Begin PBXFrameworksBuildPhase section */
		5D2973131CA2FC6200352D98 /* Frameworks */ = {
			isa = PBXFrameworksBuildPhase;
			buildActionMask = 2147483647;
			files = (
				5D4151EC1CA422C000167C99 /* libicucore.tbd in Frameworks */,
				5D2973E71CA2FF5100352D98 /* SafariServices.framework in Frameworks */,
				5D2973E51CA2FF4A00352D98 /* StoreKit.framework in Frameworks */,
				5D2973E31CA2FF4000352D98 /* ImageIO.framework in Frameworks */,
				5D2973E11CA2FF3A00352D98 /* CFNetwork.framework in Frameworks */,
				5D2973DF1CA2FF3300352D98 /* Security.framework in Frameworks */,
				5D2973DD1CA2FF2C00352D98 /* SystemConfiguration.framework in Frameworks */,
				5D020CCD1CED2444000F4046 /* libNotificarePushLib.a in Frameworks */,
				5D2973DB1CA2FF2400352D98 /* MapKit.framework in Frameworks */,
				5D2973D91CA2FF1E00352D98 /* PassKit.framework in Frameworks */,
				5D2973D71CA2FF1700352D98 /* CoreGraphics.framework in Frameworks */,
				5D2973D51CA2FF1000352D98 /* Foundation.framework in Frameworks */,
				5D2973D31CA2FF0900352D98 /* UIKit.framework in Frameworks */,
				5D2973D11CA2FEF000352D98 /* MessageUI.framework in Frameworks */,
				5D2973CF1CA2FEE400352D98 /* MobileCoreServices.framework in Frameworks */,
				5D2973CD1CA2FED600352D98 /* CoreLocation.framework in Frameworks */,
			);
			runOnlyForDeploymentPostprocessing = 0;
		};
		5D2973271CA2FC6200352D98 /* Frameworks */ = {
			isa = PBXFrameworksBuildPhase;
			buildActionMask = 2147483647;
			files = (
			);
			runOnlyForDeploymentPostprocessing = 0;
		};
		5D2973321CA2FC6200352D98 /* Frameworks */ = {
			isa = PBXFrameworksBuildPhase;
			buildActionMask = 2147483647;
			files = (
			);
			runOnlyForDeploymentPostprocessing = 0;
		};
/* End PBXFrameworksBuildPhase section */

/* Begin PBXGroup section */
		5D020C4A1CED2444000F4046 /* notificare-push-lib-1.8.1 */ = {
			isa = PBXGroup;
			children = (
				5D020C4D1CED2444000F4046 /* DefaultTheme.bundle */,
				5D020C4E1CED2444000F4046 /* libNotificarePushLib.a */,
				5D020C4F1CED2444000F4046 /* Notificare */,
				5D020CC71CED2444000F4046 /* Notificare.plist */,
				5D020CC81CED2444000F4046 /* NotificareTags.plist */,
			);
			name = "notificare-push-lib-1.8.1";
			path = "swift-demo/notificare-push-lib-1.8.1";
			sourceTree = "<group>";
		};
		5D020C4F1CED2444000F4046 /* Notificare */ = {
			isa = PBXGroup;
			children = (
				5D020C501CED2444000F4046 /* NotificarePushLib */,
			);
			path = Notificare;
			sourceTree = "<group>";
		};
		5D020C501CED2444000F4046 /* NotificarePushLib */ = {
			isa = PBXGroup;
			children = (
				5D020C511CED2444000F4046 /* Actions */,
				5D020C621CED2444000F4046 /* Libraries */,
				5D020C881CED2444000F4046 /* Models */,
				5D020C961CED2444000F4046 /* Notificare.h */,
				5D020C971CED2444000F4046 /* NotificareActions.h */,
				5D020C981CED2444000F4046 /* NotificareEngine.h */,
				5D020C991CED2444000F4046 /* NotificarePushLib.h */,
				5D020C9A1CED2444000F4046 /* Shared */,
				5D020CA21CED2444000F4046 /* Types */,
			);
			path = NotificarePushLib;
			sourceTree = "<group>";
		};
		5D020C511CED2444000F4046 /* Actions */ = {
			isa = PBXGroup;
			children = (
				5D020C521CED2444000F4046 /* ActionDelegate.h */,
				5D020C531CED2444000F4046 /* ActionType.h */,
				5D020C541CED2444000F4046 /* App */,
				5D020C561CED2444000F4046 /* Browser */,
				5D020C581CED2444000F4046 /* Callback */,
				5D020C5A1CED2444000F4046 /* Custom */,
				5D020C5C1CED2444000F4046 /* Mail */,
				5D020C5E1CED2444000F4046 /* SMS */,
				5D020C601CED2444000F4046 /* Telephone */,
			);
			path = Actions;
			sourceTree = "<group>";
		};
		5D020C541CED2444000F4046 /* App */ = {
			isa = PBXGroup;
			children = (
				5D020C551CED2444000F4046 /* NotificareApp.h */,
			);
			path = App;
			sourceTree = "<group>";
		};
		5D020C561CED2444000F4046 /* Browser */ = {
			isa = PBXGroup;
			children = (
				5D020C571CED2444000F4046 /* NotificareBrowser.h */,
			);
			path = Browser;
			sourceTree = "<group>";
		};
		5D020C581CED2444000F4046 /* Callback */ = {
			isa = PBXGroup;
			children = (
				5D020C591CED2444000F4046 /* NotificareCallback.h */,
			);
			path = Callback;
			sourceTree = "<group>";
		};
		5D020C5A1CED2444000F4046 /* Custom */ = {
			isa = PBXGroup;
			children = (
				5D020C5B1CED2444000F4046 /* NotificareCustom.h */,
			);
			path = Custom;
			sourceTree = "<group>";
		};
		5D020C5C1CED2444000F4046 /* Mail */ = {
			isa = PBXGroup;
			children = (
				5D020C5D1CED2444000F4046 /* NotificareMail.h */,
			);
			path = Mail;
			sourceTree = "<group>";
		};
		5D020C5E1CED2444000F4046 /* SMS */ = {
			isa = PBXGroup;
			children = (
				5D020C5F1CED2444000F4046 /* NotificareSMS.h */,
			);
			path = SMS;
			sourceTree = "<group>";
		};
		5D020C601CED2444000F4046 /* Telephone */ = {
			isa = PBXGroup;
			children = (
				5D020C611CED2444000F4046 /* NotificareTelephone.h */,
			);
			path = Telephone;
			sourceTree = "<group>";
		};
		5D020C621CED2444000F4046 /* Libraries */ = {
			isa = PBXGroup;
			children = (
				5D020C631CED2444000F4046 /* MKNetworkKit */,
				5D020C701CED2444000F4046 /* NXOAuth2Client */,
				5D020C831CED2444000F4046 /* SocketRocket */,
			);
			path = Libraries;
			sourceTree = "<group>";
		};
		5D020C631CED2444000F4046 /* MKNetworkKit */ = {
			isa = PBXGroup;
			children = (
				5D020C641CED2444000F4046 /* Categories */,
				5D020C6B1CED2444000F4046 /* NotificareMKNetworkEngine.h */,
				5D020C6C1CED2444000F4046 /* NotificareMKNetworkKit.h */,
				5D020C6D1CED2444000F4046 /* NotificareMKNetworkOperation.h */,
				5D020C6E1CED2444000F4046 /* Reachability */,
			);
			path = MKNetworkKit;
			sourceTree = "<group>";
		};
		5D020C641CED2444000F4046 /* Categories */ = {
			isa = PBXGroup;
			children = (
				5D020C651CED2444000F4046 /* NSData+NotificareMKBase64.h */,
				5D020C661CED2444000F4046 /* NSDate+NotificareRFC1123.h */,
				5D020C671CED2444000F4046 /* NSDictionary+NotificareRequestEncoding.h */,
				5D020C681CED2444000F4046 /* NSString+NotificareMKNetworkKitAdditions.h */,
				5D020C691CED2444000F4046 /* UIAlertView+NotificareMKNetworkKitAdditions.h */,
				5D020C6A1CED2444000F4046 /* UIImageView+NotificareMKNetworkKitAdditions.h */,
			);
			path = Categories;
			sourceTree = "<group>";
		};
		5D020C6E1CED2444000F4046 /* Reachability */ = {
			isa = PBXGroup;
			children = (
				5D020C6F1CED2444000F4046 /* NotificareReachability.h */,
			);
			path = Reachability;
			sourceTree = "<group>";
		};
		5D020C701CED2444000F4046 /* NXOAuth2Client */ = {
			isa = PBXGroup;
			children = (
				5D020C711CED2444000F4046 /* NotificareNXOAuth2.h */,
				5D020C721CED2444000F4046 /* NotificareNXOAuth2AccessToken.h */,
				5D020C731CED2444000F4046 /* NotificareNXOAuth2Account+Private.h */,
				5D020C741CED2444000F4046 /* NotificareNXOAuth2Account.h */,
				5D020C751CED2444000F4046 /* NotificareNXOAuth2AccountStore.h */,
				5D020C761CED2444000F4046 /* NotificareNXOAuth2Client.h */,
				5D020C771CED2444000F4046 /* NotificareNXOAuth2ClientDelegate.h */,
				5D020C781CED2444000F4046 /* NotificareNXOAuth2Connection.h */,
				5D020C791CED2444000F4046 /* NotificareNXOAuth2ConnectionDelegate.h */,
				5D020C7A1CED2444000F4046 /* NotificareNXOAuth2Constants.h */,
				5D020C7B1CED2444000F4046 /* NotificareNXOAuth2FileStreamWrapper.h */,
				5D020C7C1CED2444000F4046 /* NotificareNXOAuth2PostBodyPart.h */,
				5D020C7D1CED2444000F4046 /* NotificareNXOAuth2PostBodyStream.h */,
				5D020C7E1CED2444000F4046 /* NotificareNXOAuth2Request.h */,
				5D020C7F1CED2444000F4046 /* NotificareNXOAuth2TrustDelegate.h */,
				5D020C801CED2444000F4046 /* NSData+NotificareNXOAuth2.h */,
				5D020C811CED2444000F4046 /* NSString+NotificareNXOAuth2.h */,
				5D020C821CED2444000F4046 /* NSURL+NotificareNXOAuth2.h */,
			);
			path = NXOAuth2Client;
			sourceTree = "<group>";
		};
		5D020C831CED2444000F4046 /* SocketRocket */ = {
			isa = PBXGroup;
			children = (
				5D020C841CED2444000F4046 /* base64.h */,
				5D020C851CED2444000F4046 /* NotificareSocketRocket-Prefix.pch */,
				5D020C861CED2444000F4046 /* NotificareSRWebSocket.h */,
				5D020C871CED2444000F4046 /* NSData+NotificareSRB64Additions.h */,
			);
			path = SocketRocket;
			sourceTree = "<group>";
		};
		5D020C881CED2444000F4046 /* Models */ = {
			isa = PBXGroup;
			children = (
				5D020C891CED2444000F4046 /* NotificareAction.h */,
				5D020C8A1CED2444000F4046 /* NotificareAsset.h */,
				5D020C8B1CED2444000F4046 /* NotificareAttachment.h */,
				5D020C8C1CED2444000F4046 /* NotificareBeacon.h */,
				5D020C8D1CED2444000F4046 /* NotificareContent.h */,
				5D020C8E1CED2444000F4046 /* NotificareDevice.h */,
				5D020C8F1CED2444000F4046 /* NotificareDeviceInbox.h */,
				5D020C901CED2444000F4046 /* NotificareNotification.h */,
				5D020C911CED2444000F4046 /* NotificarePass.h */,
				5D020C921CED2444000F4046 /* NotificareProduct.h */,
				5D020C931CED2444000F4046 /* NotificareSegment.h */,
				5D020C941CED2444000F4046 /* NotificareUser.h */,
				5D020C951CED2444000F4046 /* NotificareUserPreference.h */,
			);
			path = Models;
			sourceTree = "<group>";
		};
		5D020C9A1CED2444000F4046 /* Shared */ = {
			isa = PBXGroup;
			children = (
				5D020C9B1CED2444000F4046 /* NSData+Hex.h */,
				5D020C9C1CED2444000F4046 /* NSDate+TimeAgo.h */,
				5D020C9D1CED2444000F4046 /* NSDictionary+FromPlist.h */,
				5D020C9E1CED2444000F4046 /* NSString+FromBundle.h */,
				5D020C9F1CED2444000F4046 /* NSString+Utils.h */,
				5D020CA01CED2444000F4046 /* SKProduct+priceAsString.h */,
				5D020CA11CED2444000F4046 /* UIImage+FromBundle.h */,
			);
			path = Shared;
			sourceTree = "<group>";
		};
		5D020CA21CED2444000F4046 /* Types */ = {
			isa = PBXGroup;
			children = (
				5D020CA31CED2444000F4046 /* Alert */,
				5D020CA51CED2444000F4046 /* Beacons */,
				5D020CA71CED2444000F4046 /* Form */,
				5D020CA91CED2444000F4046 /* Image */,
				5D020CAB1CED2444000F4046 /* Inbox */,
				5D020CAD1CED2444000F4046 /* Map */,
				5D020CB01CED2444000F4046 /* None */,
				5D020CB21CED2444000F4046 /* NotificationDelegate.h */,
				5D020CB31CED2444000F4046 /* NotificationType.h */,
				5D020CB41CED2444000F4046 /* Passbook */,
				5D020CB61CED2444000F4046 /* Rate */,
				5D020CB81CED2444000F4046 /* URL */,
				5D020CBA1CED2444000F4046 /* URLScheme */,
				5D020CBC1CED2444000F4046 /* UserPreferences */,
				5D020CC31CED2444000F4046 /* Video */,
				5D020CC51CED2444000F4046 /* WebView */,
			);
			path = Types;
			sourceTree = "<group>";
		};
		5D020CA31CED2444000F4046 /* Alert */ = {
			isa = PBXGroup;
			children = (
				5D020CA41CED2444000F4046 /* NotificareAlert.h */,
			);
			path = Alert;
			sourceTree = "<group>";
		};
		5D020CA51CED2444000F4046 /* Beacons */ = {
			isa = PBXGroup;
			children = (
				5D020CA61CED2444000F4046 /* NotificareBeacons.h */,
			);
			path = Beacons;
			sourceTree = "<group>";
		};
		5D020CA71CED2444000F4046 /* Form */ = {
			isa = PBXGroup;
			children = (
				5D020CA81CED2444000F4046 /* NotificareForm.h */,
			);
			path = Form;
			sourceTree = "<group>";
		};
		5D020CA91CED2444000F4046 /* Image */ = {
			isa = PBXGroup;
			children = (
				5D020CAA1CED2444000F4046 /* NotificareImage.h */,
			);
			path = Image;
			sourceTree = "<group>";
		};
		5D020CAB1CED2444000F4046 /* Inbox */ = {
			isa = PBXGroup;
			children = (
				5D020CAC1CED2444000F4046 /* NotificareInbox.h */,
			);
			path = Inbox;
			sourceTree = "<group>";
		};
		5D020CAD1CED2444000F4046 /* Map */ = {
			isa = PBXGroup;
			children = (
				5D020CAE1CED2444000F4046 /* NotificareLocation.h */,
				5D020CAF1CED2444000F4046 /* NotificareMap.h */,
			);
			path = Map;
			sourceTree = "<group>";
		};
		5D020CB01CED2444000F4046 /* None */ = {
			isa = PBXGroup;
			children = (
				5D020CB11CED2444000F4046 /* NotificareNone.h */,
			);
			path = None;
			sourceTree = "<group>";
		};
		5D020CB41CED2444000F4046 /* Passbook */ = {
			isa = PBXGroup;
			children = (
				5D020CB51CED2444000F4046 /* NotificarePassbook.h */,
			);
			path = Passbook;
			sourceTree = "<group>";
		};
		5D020CB61CED2444000F4046 /* Rate */ = {
			isa = PBXGroup;
			children = (
				5D020CB71CED2444000F4046 /* NotificareRate.h */,
			);
			path = Rate;
			sourceTree = "<group>";
		};
		5D020CB81CED2444000F4046 /* URL */ = {
			isa = PBXGroup;
			children = (
				5D020CB91CED2444000F4046 /* NotificareURL.h */,
			);
			path = URL;
			sourceTree = "<group>";
		};
		5D020CBA1CED2444000F4046 /* URLScheme */ = {
			isa = PBXGroup;
			children = (
				5D020CBB1CED2444000F4046 /* NotificareURLScheme.h */,
			);
			path = URLScheme;
			sourceTree = "<group>";
		};
		5D020CBC1CED2444000F4046 /* UserPreferences */ = {
			isa = PBXGroup;
			children = (
				5D020CBD1CED2444000F4046 /* NotificareBeaconsViewController.h */,
				5D020CBE1CED2444000F4046 /* NotificareDeviceViewController.h */,
				5D020CBF1CED2444000F4046 /* NotificareInboxViewController.h */,
				5D020CC01CED2444000F4046 /* NotificarePassbookViewController.h */,
				5D020CC11CED2444000F4046 /* NotificareUserPreferences.h */,
				5D020CC21CED2444000F4046 /* NotificareUserViewController.h */,
			);
			path = UserPreferences;
			sourceTree = "<group>";
		};
		5D020CC31CED2444000F4046 /* Video */ = {
			isa = PBXGroup;
			children = (
				5D020CC41CED2444000F4046 /* NotificareVideo.h */,
			);
			path = Video;
			sourceTree = "<group>";
		};
		5D020CC51CED2444000F4046 /* WebView */ = {
			isa = PBXGroup;
			children = (
				5D020CC61CED2444000F4046 /* NotificareWebView.h */,
			);
			path = WebView;
			sourceTree = "<group>";
		};
		5D29730D1CA2FC6200352D98 = {
			isa = PBXGroup;
			children = (
				5D020C4A1CED2444000F4046 /* notificare-push-lib-1.8.1 */,
				5D4151ED1CA4235600167C99 /* Frameworks */,
				5D2973181CA2FC6200352D98 /* swift-demo */,
				5D29732D1CA2FC6200352D98 /* swift-demoTests */,
				5D2973381CA2FC6200352D98 /* swift-demoUITests */,
				5D2973171CA2FC6200352D98 /* Products */,
				5D2973C81CA2FD4800352D98 /* swift-demo-Bridging-Header.h */,
			);
			sourceTree = "<group>";
		};
		5D2973171CA2FC6200352D98 /* Products */ = {
			isa = PBXGroup;
			children = (
				5D2973161CA2FC6200352D98 /* swift-demo.app */,
				5D29732A1CA2FC6200352D98 /* swift-demoTests.xctest */,
				5D2973351CA2FC6200352D98 /* swift-demoUITests.xctest */,
			);
			name = Products;
			sourceTree = "<group>";
		};
		5D2973181CA2FC6200352D98 /* swift-demo */ = {
			isa = PBXGroup;
			children = (
				5D2973E81CA2FF8400352D98 /* swift-demo.entitlements */,
				5D2973191CA2FC6200352D98 /* AppDelegate.swift */,
				5D29731B1CA2FC6200352D98 /* ViewController.swift */,
				5D29731D1CA2FC6200352D98 /* Main.storyboard */,
				5D2973201CA2FC6200352D98 /* Assets.xcassets */,
				5D2973221CA2FC6200352D98 /* LaunchScreen.storyboard */,
				5D2973251CA2FC6200352D98 /* Info.plist */,
			);
			path = "swift-demo";
			sourceTree = "<group>";
		};
		5D29732D1CA2FC6200352D98 /* swift-demoTests */ = {
			isa = PBXGroup;
			children = (
				5D29732E1CA2FC6200352D98 /* swift_demoTests.swift */,
				5D2973301CA2FC6200352D98 /* Info.plist */,
			);
			path = "swift-demoTests";
			sourceTree = "<group>";
		};
		5D2973381CA2FC6200352D98 /* swift-demoUITests */ = {
			isa = PBXGroup;
			children = (
				5D2973391CA2FC6200352D98 /* swift_demoUITests.swift */,
				5D29733B1CA2FC6200352D98 /* Info.plist */,
			);
			path = "swift-demoUITests";
			sourceTree = "<group>";
		};
		5D4151ED1CA4235600167C99 /* Frameworks */ = {
			isa = PBXGroup;
			children = (
				5D4151EB1CA422C000167C99 /* libicucore.tbd */,
				5D2973E61CA2FF5100352D98 /* SafariServices.framework */,
				5D2973E41CA2FF4A00352D98 /* StoreKit.framework */,
				5D2973E21CA2FF4000352D98 /* ImageIO.framework */,
				5D2973E01CA2FF3A00352D98 /* CFNetwork.framework */,
				5D2973DE1CA2FF3300352D98 /* Security.framework */,
				5D2973DC1CA2FF2C00352D98 /* SystemConfiguration.framework */,
				5D2973DA1CA2FF2400352D98 /* MapKit.framework */,
				5D2973D81CA2FF1E00352D98 /* PassKit.framework */,
				5D2973D61CA2FF1700352D98 /* CoreGraphics.framework */,
				5D2973D41CA2FF1000352D98 /* Foundation.framework */,
				5D2973D21CA2FF0900352D98 /* UIKit.framework */,
				5D2973D01CA2FEF000352D98 /* MessageUI.framework */,
				5D2973CE1CA2FEE300352D98 /* MobileCoreServices.framework */,
				5D2973CC1CA2FED600352D98 /* CoreLocation.framework */,
			);
			name = Frameworks;
			sourceTree = "<group>";
		};
/* End PBXGroup section */

/* Begin PBXNativeTarget section */
		5D2973151CA2FC6200352D98 /* swift-demo */ = {
			isa = PBXNativeTarget;
			buildConfigurationList = 5D29733E1CA2FC6200352D98 /* Build configuration list for PBXNativeTarget "swift-demo" */;
			buildPhases = (
				5D2973121CA2FC6200352D98 /* Sources */,
				5D2973131CA2FC6200352D98 /* Frameworks */,
				5D2973141CA2FC6200352D98 /* Resources */,
			);
			buildRules = (
			);
			dependencies = (
			);
			name = "swift-demo";
			productName = "swift-demo";
			productReference = 5D2973161CA2FC6200352D98 /* swift-demo.app */;
			productType = "com.apple.product-type.application";
		};
		5D2973291CA2FC6200352D98 /* swift-demoTests */ = {
			isa = PBXNativeTarget;
			buildConfigurationList = 5D2973411CA2FC6200352D98 /* Build configuration list for PBXNativeTarget "swift-demoTests" */;
			buildPhases = (
				5D2973261CA2FC6200352D98 /* Sources */,
				5D2973271CA2FC6200352D98 /* Frameworks */,
				5D2973281CA2FC6200352D98 /* Resources */,
			);
			buildRules = (
			);
			dependencies = (
				5D29732C1CA2FC6200352D98 /* PBXTargetDependency */,
			);
			name = "swift-demoTests";
			productName = "swift-demoTests";
			productReference = 5D29732A1CA2FC6200352D98 /* swift-demoTests.xctest */;
			productType = "com.apple.product-type.bundle.unit-test";
		};
		5D2973341CA2FC6200352D98 /* swift-demoUITests */ = {
			isa = PBXNativeTarget;
			buildConfigurationList = 5D2973441CA2FC6200352D98 /* Build configuration list for PBXNativeTarget "swift-demoUITests" */;
			buildPhases = (
				5D2973311CA2FC6200352D98 /* Sources */,
				5D2973321CA2FC6200352D98 /* Frameworks */,
				5D2973331CA2FC6200352D98 /* Resources */,
			);
			buildRules = (
			);
			dependencies = (
				5D2973371CA2FC6200352D98 /* PBXTargetDependency */,
			);
			name = "swift-demoUITests";
			productName = "swift-demoUITests";
			productReference = 5D2973351CA2FC6200352D98 /* swift-demoUITests.xctest */;
			productType = "com.apple.product-type.bundle.ui-testing";
		};
/* End PBXNativeTarget section */

/* Begin PBXProject section */
		5D29730E1CA2FC6200352D98 /* Project object */ = {
			isa = PBXProject;
			attributes = {
				LastSwiftUpdateCheck = 0730;
				LastUpgradeCheck = 0730;
				ORGANIZATIONNAME = "Joel Oliveira";
				TargetAttributes = {
					5D2973151CA2FC6200352D98 = {
						CreatedOnToolsVersion = 7.3;
						DevelopmentTeam = Y47BY73NFN;
						SystemCapabilities = {
							com.apple.BackgroundModes = {
								enabled = 1;
							};
							com.apple.Keychain = {
								enabled = 1;
							};
							com.apple.Push = {
								enabled = 1;
							};
						};
					};
					5D2973291CA2FC6200352D98 = {
						CreatedOnToolsVersion = 7.3;
						TestTargetID = 5D2973151CA2FC6200352D98;
					};
					5D2973341CA2FC6200352D98 = {
						CreatedOnToolsVersion = 7.3;
						TestTargetID = 5D2973151CA2FC6200352D98;
					};
				};
			};
			buildConfigurationList = 5D2973111CA2FC6200352D98 /* Build configuration list for PBXProject "swift-demo" */;
			compatibilityVersion = "Xcode 3.2";
			developmentRegion = English;
			hasScannedForEncodings = 0;
			knownRegions = (
				en,
				Base,
			);
			mainGroup = 5D29730D1CA2FC6200352D98;
			productRefGroup = 5D2973171CA2FC6200352D98 /* Products */;
			projectDirPath = "";
			projectRoot = "";
			targets = (
				5D2973151CA2FC6200352D98 /* swift-demo */,
				5D2973291CA2FC6200352D98 /* swift-demoTests */,
				5D2973341CA2FC6200352D98 /* swift-demoUITests */,
			);
		};
/* End PBXProject section */

/* Begin PBXResourcesBuildPhase section */
		5D2973141CA2FC6200352D98 /* Resources */ = {
			isa = PBXResourcesBuildPhase;
			buildActionMask = 2147483647;
			files = (
				5D2973241CA2FC6200352D98 /* LaunchScreen.storyboard in Resources */,
				5D020CCC1CED2444000F4046 /* DefaultTheme.bundle in Resources */,
				5D2973211CA2FC6200352D98 /* Assets.xcassets in Resources */,
				5D020CCF1CED2444000F4046 /* NotificareTags.plist in Resources */,
				5D020CCE1CED2444000F4046 /* Notificare.plist in Resources */,
				5D29731F1CA2FC6200352D98 /* Main.storyboard in Resources */,
			);
			runOnlyForDeploymentPostprocessing = 0;
		};
		5D2973281CA2FC6200352D98 /* Resources */ = {
			isa = PBXResourcesBuildPhase;
			buildActionMask = 2147483647;
			files = (
			);
			runOnlyForDeploymentPostprocessing = 0;
		};
		5D2973331CA2FC6200352D98 /* Resources */ = {
			isa = PBXResourcesBuildPhase;
			buildActionMask = 2147483647;
			files = (
			);
			runOnlyForDeploymentPostprocessing = 0;
		};
/* End PBXResourcesBuildPhase section */

/* Begin PBXSourcesBuildPhase section */
		5D2973121CA2FC6200352D98 /* Sources */ = {
			isa = PBXSourcesBuildPhase;
			buildActionMask = 2147483647;
			files = (
				5D29731C1CA2FC6200352D98 /* ViewController.swift in Sources */,
				5D29731A1CA2FC6200352D98 /* AppDelegate.swift in Sources */,
			);
			runOnlyForDeploymentPostprocessing = 0;
		};
		5D2973261CA2FC6200352D98 /* Sources */ = {
			isa = PBXSourcesBuildPhase;
			buildActionMask = 2147483647;
			files = (
				5D29732F1CA2FC6200352D98 /* swift_demoTests.swift in Sources */,
			);
			runOnlyForDeploymentPostprocessing = 0;
		};
		5D2973311CA2FC6200352D98 /* Sources */ = {
			isa = PBXSourcesBuildPhase;
			buildActionMask = 2147483647;
			files = (
				5D29733A1CA2FC6200352D98 /* swift_demoUITests.swift in Sources */,
			);
			runOnlyForDeploymentPostprocessing = 0;
		};
/* End PBXSourcesBuildPhase section */

/* Begin PBXTargetDependency section */
		5D29732C1CA2FC6200352D98 /* PBXTargetDependency */ = {
			isa = PBXTargetDependency;
			target = 5D2973151CA2FC6200352D98 /* swift-demo */;
			targetProxy = 5D29732B1CA2FC6200352D98 /* PBXContainerItemProxy */;
		};
		5D2973371CA2FC6200352D98 /* PBXTargetDependency */ = {
			isa = PBXTargetDependency;
			target = 5D2973151CA2FC6200352D98 /* swift-demo */;
			targetProxy = 5D2973361CA2FC6200352D98 /* PBXContainerItemProxy */;
		};
/* End PBXTargetDependency section */

/* Begin PBXVariantGroup section */
		5D29731D1CA2FC6200352D98 /* Main.storyboard */ = {
			isa = PBXVariantGroup;
			children = (
				5D29731E1CA2FC6200352D98 /* Base */,
			);
			name = Main.storyboard;
			sourceTree = "<group>";
		};
		5D2973221CA2FC6200352D98 /* LaunchScreen.storyboard */ = {
			isa = PBXVariantGroup;
			children = (
				5D2973231CA2FC6200352D98 /* Base */,
			);
			name = LaunchScreen.storyboard;
			sourceTree = "<group>";
		};
/* End PBXVariantGroup section */

/* Begin XCBuildConfiguration section */
		5D29733C1CA2FC6200352D98 /* Debug */ = {
			isa = XCBuildConfiguration;
			buildSettings = {
				ALWAYS_SEARCH_USER_PATHS = NO;
				CLANG_ANALYZER_NONNULL = YES;
				CLANG_CXX_LANGUAGE_STANDARD = "gnu++0x";
				CLANG_CXX_LIBRARY = "libc++";
				CLANG_ENABLE_MODULES = YES;
				CLANG_ENABLE_OBJC_ARC = YES;
				CLANG_WARN_BOOL_CONVERSION = YES;
				CLANG_WARN_CONSTANT_CONVERSION = YES;
				CLANG_WARN_DIRECT_OBJC_ISA_USAGE = YES_ERROR;
				CLANG_WARN_EMPTY_BODY = YES;
				CLANG_WARN_ENUM_CONVERSION = YES;
				CLANG_WARN_INT_CONVERSION = YES;
				CLANG_WARN_OBJC_ROOT_CLASS = YES_ERROR;
				CLANG_WARN_UNREACHABLE_CODE = YES;
				CLANG_WARN__DUPLICATE_METHOD_MATCH = YES;
				"CODE_SIGN_IDENTITY[sdk=iphoneos*]" = "iPhone Developer";
				COPY_PHASE_STRIP = NO;
				DEBUG_INFORMATION_FORMAT = dwarf;
				ENABLE_STRICT_OBJC_MSGSEND = YES;
				ENABLE_TESTABILITY = YES;
				GCC_C_LANGUAGE_STANDARD = gnu99;
				GCC_DYNAMIC_NO_PIC = NO;
				GCC_NO_COMMON_BLOCKS = YES;
				GCC_OPTIMIZATION_LEVEL = 0;
				GCC_PREPROCESSOR_DEFINITIONS = (
					"DEBUG=1",
					"$(inherited)",
				);
				GCC_WARN_64_TO_32_BIT_CONVERSION = YES;
				GCC_WARN_ABOUT_RETURN_TYPE = YES_ERROR;
				GCC_WARN_UNDECLARED_SELECTOR = YES;
				GCC_WARN_UNINITIALIZED_AUTOS = YES_AGGRESSIVE;
				GCC_WARN_UNUSED_FUNCTION = YES;
				GCC_WARN_UNUSED_VARIABLE = YES;
				IPHONEOS_DEPLOYMENT_TARGET = 9.3;
				MTL_ENABLE_DEBUG_INFO = YES;
				ONLY_ACTIVE_ARCH = YES;
				SDKROOT = iphoneos;
				SWIFT_OPTIMIZATION_LEVEL = "-Onone";
			};
			name = Debug;
		};
		5D29733D1CA2FC6200352D98 /* Release */ = {
			isa = XCBuildConfiguration;
			buildSettings = {
				ALWAYS_SEARCH_USER_PATHS = NO;
				CLANG_ANALYZER_NONNULL = YES;
				CLANG_CXX_LANGUAGE_STANDARD = "gnu++0x";
				CLANG_CXX_LIBRARY = "libc++";
				CLANG_ENABLE_MODULES = YES;
				CLANG_ENABLE_OBJC_ARC = YES;
				CLANG_WARN_BOOL_CONVERSION = YES;
				CLANG_WARN_CONSTANT_CONVERSION = YES;
				CLANG_WARN_DIRECT_OBJC_ISA_USAGE = YES_ERROR;
				CLANG_WARN_EMPTY_BODY = YES;
				CLANG_WARN_ENUM_CONVERSION = YES;
				CLANG_WARN_INT_CONVERSION = YES;
				CLANG_WARN_OBJC_ROOT_CLASS = YES_ERROR;
				CLANG_WARN_UNREACHABLE_CODE = YES;
				CLANG_WARN__DUPLICATE_METHOD_MATCH = YES;
				"CODE_SIGN_IDENTITY[sdk=iphoneos*]" = "iPhone Developer";
				COPY_PHASE_STRIP = NO;
				DEBUG_INFORMATION_FORMAT = "dwarf-with-dsym";
				ENABLE_NS_ASSERTIONS = NO;
				ENABLE_STRICT_OBJC_MSGSEND = YES;
				GCC_C_LANGUAGE_STANDARD = gnu99;
				GCC_NO_COMMON_BLOCKS = YES;
				GCC_WARN_64_TO_32_BIT_CONVERSION = YES;
				GCC_WARN_ABOUT_RETURN_TYPE = YES_ERROR;
				GCC_WARN_UNDECLARED_SELECTOR = YES;
				GCC_WARN_UNINITIALIZED_AUTOS = YES_AGGRESSIVE;
				GCC_WARN_UNUSED_FUNCTION = YES;
				GCC_WARN_UNUSED_VARIABLE = YES;
				IPHONEOS_DEPLOYMENT_TARGET = 9.3;
				MTL_ENABLE_DEBUG_INFO = NO;
				SDKROOT = iphoneos;
				VALIDATE_PRODUCT = YES;
			};
			name = Release;
		};
		5D29733F1CA2FC6200352D98 /* Debug */ = {
			isa = XCBuildConfiguration;
			buildSettings = {
				ASSETCATALOG_COMPILER_APPICON_NAME = AppIcon;
				CLANG_ENABLE_MODULES = YES;
				CODE_SIGN_ENTITLEMENTS = "swift-demo/swift-demo.entitlements";
				INFOPLIST_FILE = "swift-demo/Info.plist";
				LD_RUNPATH_SEARCH_PATHS = "$(inherited) @executable_path/Frameworks";
				LIBRARY_SEARCH_PATHS = (
					"$(inherited)",
					"$(PROJECT_DIR)/swift-demo/notificare-push-lib-1.7.4",
					"$(PROJECT_DIR)/swift-demo/notificare-push-lib-1.8.1",
				);
				OTHER_LDFLAGS = "-all_load";
				PRODUCT_BUNDLE_IDENTIFIER = re.notifica.demo.geo;
				PRODUCT_NAME = "$(TARGET_NAME)";
				SWIFT_OBJC_BRIDGING_HEADER = "swift-demo-Bridging-Header.h";
				SWIFT_OPTIMIZATION_LEVEL = "-Onone";
			};
			name = Debug;
		};
		5D2973401CA2FC6200352D98 /* Release */ = {
			isa = XCBuildConfiguration;
			buildSettings = {
				ASSETCATALOG_COMPILER_APPICON_NAME = AppIcon;
				CLANG_ENABLE_MODULES = YES;
				CODE_SIGN_ENTITLEMENTS = "swift-demo/swift-demo.entitlements";
				INFOPLIST_FILE = "swift-demo/Info.plist";
				LD_RUNPATH_SEARCH_PATHS = "$(inherited) @executable_path/Frameworks";
				LIBRARY_SEARCH_PATHS = (
					"$(inherited)",
					"$(PROJECT_DIR)/swift-demo/notificare-push-lib-1.7.4",
					"$(PROJECT_DIR)/swift-demo/notificare-push-lib-1.8.1",
				);
				OTHER_LDFLAGS = "-all_load";
				PRODUCT_BUNDLE_IDENTIFIER = re.notifica.demo.geo;
				PRODUCT_NAME = "$(TARGET_NAME)";
				SWIFT_OBJC_BRIDGING_HEADER = "swift-demo-Bridging-Header.h";
			};
			name = Release;
		};
		5D2973421CA2FC6200352D98 /* Debug */ = {
			isa = XCBuildConfiguration;
			buildSettings = {
				BUNDLE_LOADER = "$(TEST_HOST)";
				INFOPLIST_FILE = "swift-demoTests/Info.plist";
				LD_RUNPATH_SEARCH_PATHS = "$(inherited) @executable_path/Frameworks @loader_path/Frameworks";
				PRODUCT_BUNDLE_IDENTIFIER = "re.notifica.swift-demoTests";
				PRODUCT_NAME = "$(TARGET_NAME)";
				TEST_HOST = "$(BUILT_PRODUCTS_DIR)/swift-demo.app/swift-demo";
			};
			name = Debug;
		};
		5D2973431CA2FC6200352D98 /* Release */ = {
			isa = XCBuildConfiguration;
			buildSettings = {
				BUNDLE_LOADER = "$(TEST_HOST)";
				INFOPLIST_FILE = "swift-demoTests/Info.plist";
				LD_RUNPATH_SEARCH_PATHS = "$(inherited) @executable_path/Frameworks @loader_path/Frameworks";
				PRODUCT_BUNDLE_IDENTIFIER = "re.notifica.swift-demoTests";
				PRODUCT_NAME = "$(TARGET_NAME)";
				TEST_HOST = "$(BUILT_PRODUCTS_DIR)/swift-demo.app/swift-demo";
			};
			name = Release;
		};
		5D2973451CA2FC6200352D98 /* Debug */ = {
			isa = XCBuildConfiguration;
			buildSettings = {
				INFOPLIST_FILE = "swift-demoUITests/Info.plist";
				LD_RUNPATH_SEARCH_PATHS = "$(inherited) @executable_path/Frameworks @loader_path/Frameworks";
				PRODUCT_BUNDLE_IDENTIFIER = "re.notifica.swift-demoUITests";
				PRODUCT_NAME = "$(TARGET_NAME)";
				TEST_TARGET_NAME = "swift-demo";
			};
			name = Debug;
		};
		5D2973461CA2FC6200352D98 /* Release */ = {
			isa = XCBuildConfiguration;
			buildSettings = {
				INFOPLIST_FILE = "swift-demoUITests/Info.plist";
				LD_RUNPATH_SEARCH_PATHS = "$(inherited) @executable_path/Frameworks @loader_path/Frameworks";
				PRODUCT_BUNDLE_IDENTIFIER = "re.notifica.swift-demoUITests";
				PRODUCT_NAME = "$(TARGET_NAME)";
				TEST_TARGET_NAME = "swift-demo";
			};
			name = Release;
		};
/* End XCBuildConfiguration section */

/* Begin XCConfigurationList section */
		5D2973111CA2FC6200352D98 /* Build configuration list for PBXProject "swift-demo" */ = {
			isa = XCConfigurationList;
			buildConfigurations = (
				5D29733C1CA2FC6200352D98 /* Debug */,
				5D29733D1CA2FC6200352D98 /* Release */,
			);
			defaultConfigurationIsVisible = 0;
			defaultConfigurationName = Release;
		};
		5D29733E1CA2FC6200352D98 /* Build configuration list for PBXNativeTarget "swift-demo" */ = {
			isa = XCConfigurationList;
			buildConfigurations = (
				5D29733F1CA2FC6200352D98 /* Debug */,
				5D2973401CA2FC6200352D98 /* Release */,
			);
			defaultConfigurationIsVisible = 0;
			defaultConfigurationName = Release;
		};
		5D2973411CA2FC6200352D98 /* Build configuration list for PBXNativeTarget "swift-demoTests" */ = {
			isa = XCConfigurationList;
			buildConfigurations = (
				5D2973421CA2FC6200352D98 /* Debug */,
				5D2973431CA2FC6200352D98 /* Release */,
			);
			defaultConfigurationIsVisible = 0;
			defaultConfigurationName = Release;
		};
		5D2973441CA2FC6200352D98 /* Build configuration list for PBXNativeTarget "swift-demoUITests" */ = {
			isa = XCConfigurationList;
			buildConfigurations = (
				5D2973451CA2FC6200352D98 /* Debug */,
				5D2973461CA2FC6200352D98 /* Release */,
			);
			defaultConfigurationIsVisible = 0;
			defaultConfigurationName = Release;
		};
/* End XCConfigurationList section */
	};
	rootObject = 5D29730E1CA2FC6200352D98 /* Project object */;
}
